// !$*UTF8*$!
{
	archiveVersion = 1;
	classes = {
	};
	objectVersion = 50;
	objects = {

/* Begin PBXBuildFile section */
		C9C7EE9D26E07907004F3F93 /* AppDelegate.swift in Sources */ = {isa = PBXBuildFile; fileRef = C9C7EE9C26E07907004F3F93 /* AppDelegate.swift */; };
		C9C7EE9F26E07907004F3F93 /* SceneDelegate.swift in Sources */ = {isa = PBXBuildFile; fileRef = C9C7EE9E26E07907004F3F93 /* SceneDelegate.swift */; };
		C9C7EEA126E07907004F3F93 /* ViewController.swift in Sources */ = {isa = PBXBuildFile; fileRef = C9C7EEA026E07907004F3F93 /* ViewController.swift */; };
		C9C7EEA426E07907004F3F93 /* Main.storyboard in Resources */ = {isa = PBXBuildFile; fileRef = C9C7EEA226E07907004F3F93 /* Main.storyboard */; };
		C9C7EEA726E07907004F3F93 /* DemoClockApp.xcdatamodeld in Sources */ = {isa = PBXBuildFile; fileRef = C9C7EEA526E07907004F3F93 /* DemoClockApp.xcdatamodeld */; };
		C9C7EEA926E07908004F3F93 /* Assets.xcassets in Resources */ = {isa = PBXBuildFile; fileRef = C9C7EEA826E07908004F3F93 /* Assets.xcassets */; };
		C9C7EEAC26E07908004F3F93 /* LaunchScreen.storyboard in Resources */ = {isa = PBXBuildFile; fileRef = C9C7EEAA26E07908004F3F93 /* LaunchScreen.storyboard */; };
/* End PBXBuildFile section */

/* Begin PBXFileReference section */
		C9C7EE9926E07907004F3F93 /* DemoClockApp.app */ = {isa = PBXFileReference; explicitFileType = wrapper.application; includeInIndex = 0; path = DemoClockApp.app; sourceTree = BUILT_PRODUCTS_DIR; };
		C9C7EE9C26E07907004F3F93 /* AppDelegate.swift */ = {isa = PBXFileReference; lastKnownFileType = sourcecode.swift; path = AppDelegate.swift; sourceTree = "<group>"; };
		C9C7EE9E26E07907004F3F93 /* SceneDelegate.swift */ = {isa = PBXFileReference; lastKnownFileType = sourcecode.swift; path = SceneDelegate.swift; sourceTree = "<group>"; };
		C9C7EEA026E07907004F3F93 /* ViewController.swift */ = {isa = PBXFileReference; lastKnownFileType = sourcecode.swift; path = ViewController.swift; sourceTree = "<group>"; };
		C9C7EEA326E07907004F3F93 /* Base */ = {isa = PBXFileReference; lastKnownFileType = file.storyboard; name = Base; path = Base.lproj/Main.storyboard; sourceTree = "<group>"; };
		C9C7EEA626E07907004F3F93 /* DemoClockApp.xcdatamodel */ = {isa = PBXFileReference; lastKnownFileType = wrapper.xcdatamodel; path = DemoClockApp.xcdatamodel; sourceTree = "<group>"; };
		C9C7EEA826E07908004F3F93 /* Assets.xcassets */ = {isa = PBXFileReference; lastKnownFileType = folder.assetcatalog; path = Assets.xcassets; sourceTree = "<group>"; };
		C9C7EEAB26E07908004F3F93 /* Base */ = {isa = PBXFileReference; lastKnownFileType = file.storyboard; name = Base; path = Base.lproj/LaunchScreen.storyboard; sourceTree = "<group>"; };
		C9C7EEAD26E07908004F3F93 /* Info.plist */ = {isa = PBXFileReference; lastKnownFileType = text.plist.xml; path = Info.plist; sourceTree = "<group>"; };
/* End PBXFileReference section */

/* Begin PBXFrameworksBuildPhase section */
		C9C7EE9626E07907004F3F93 /* Frameworks */ = {
			isa = PBXFrameworksBuildPhase;
			buildActionMask = 2147483647;
			files = (
			);
			runOnlyForDeploymentPostprocessing = 0;
		};
/* End PBXFrameworksBuildPhase section */

/* Begin PBXGroup section */
		C9C7EE9026E07907004F3F93 = {
			isa = PBXGroup;
			children = (
				C9C7EE9B26E07907004F3F93 /* DemoClockApp */,
				C9C7EE9A26E07907004F3F93 /* Products */,
			);
			sourceTree = "<group>";
		};
		C9C7EE9A26E07907004F3F93 /* Products */ = {
			isa = PBXGroup;
			children = (
				C9C7EE9926E07907004F3F93 /* DemoClockApp.app */,
			);
			name = Products;
			sourceTree = "<group>";
		};
		C9C7EE9B26E07907004F3F93 /* DemoClockApp */ = {
			isa = PBXGroup;
			children = (
				C9C7EE9C26E07907004F3F93 /* AppDelegate.swift */,
				C9C7EE9E26E07907004F3F93 /* SceneDelegate.swift */,
				C9C7EEA026E07907004F3F93 /* ViewController.swift */,
				C9C7EEA226E07907004F3F93 /* Main.storyboard */,
				C9C7EEA826E07908004F3F93 /* Assets.xcassets */,
				C9C7EEAA26E07908004F3F93 /* LaunchScreen.storyboard */,
				C9C7EEAD26E07908004F3F93 /* Info.plist */,
				C9C7EEA526E07907004F3F93 /* DemoClockApp.xcdatamodeld */,
			);
			path = DemoClockApp;
			sourceTree = "<group>";
		};
/* End PBXGroup section */

/* Begin PBXNativeTarget section */
		C9C7EE9826E07907004F3F93 /* DemoClockApp */ = {
			isa = PBXNativeTarget;
			buildConfigurationList = C9C7EEB026E07908004F3F93 /* Build configuration list for PBXNativeTarget "DemoClockApp" */;
			buildPhases = (
				C9C7EE9526E07907004F3F93 /* Sources */,
				C9C7EE9626E07907004F3F93 /* Frameworks */,
				C9C7EE9726E07907004F3F93 /* Resources */,
			);
			buildRules = (
			);
			dependencies = (
			);
			name = DemoClockApp;
			productName = DemoClockApp;
			productReference = C9C7EE9926E07907004F3F93 /* DemoClockApp.app */;
			productType = "com.apple.product-type.application";
		};
/* End PBXNativeTarget section */

/* Begin PBXProject section */
		C9C7EE9126E07907004F3F93 /* Project object */ = {
			isa = PBXProject;
			attributes = {
				LastSwiftUpdateCheck = 1250;
				LastUpgradeCheck = 1250;
				TargetAttributes = {
					C9C7EE9826E07907004F3F93 = {
						CreatedOnToolsVersion = 12.5;
					};
				};
			};
			buildConfigurationList = C9C7EE9426E07907004F3F93 /* Build configuration list for PBXProject "DemoClockApp" */;
			compatibilityVersion = "Xcode 9.3";
			developmentRegion = en;
			hasScannedForEncodings = 0;
			knownRegions = (
				en,
				Base,
			);
			mainGroup = C9C7EE9026E07907004F3F93;
			productRefGroup = C9C7EE9A26E07907004F3F93 /* Products */;
			projectDirPath = "";
			projectRoot = "";
			targets = (
				C9C7EE9826E07907004F3F93 /* DemoClockApp */,
			);
		};
/* End PBXProject section */

/* Begin PBXResourcesBuildPhase section */
		C9C7EE9726E07907004F3F93 /* Resources */ = {
			isa = PBXResourcesBuildPhase;
			buildActionMask = 2147483647;
			files = (
				C9C7EEAC26E07908004F3F93 /* LaunchScreen.storyboard in Resources */,
				C9C7EEA926E07908004F3F93 /* Assets.xcassets in Resources */,
				C9C7EEA426E07907004F3F93 /* Main.storyboard in Resources */,
			);
			runOnlyForDeploymentPostprocessing = 0;
		};
/* End PBXResourcesBuildPhase section */

/* Begin PBXSourcesBuildPhase section */
		C9C7EE9526E07907004F3F93 /* Sources */ = {
			isa = PBXSourcesBuildPhase;
			buildActionMask = 2147483647;
			files = (
				C9C7EEA126E07907004F3F93 /* ViewController.swift in Sources */,
				C9C7EE9D26E07907004F3F93 /* AppDelegate.swift in Sources */,
				C9C7EE9F26E07907004F3F93 /* SceneDelegate.swift in Sources */,
				C9C7EEA726E07907004F3F93 /* DemoClockApp.xcdatamodeld in Sources */,
			);
			runOnlyForDeploymentPostprocessing = 0;
		};
/* End PBXSourcesBuildPhase section */

/* Begin PBXVariantGroup section */
		C9C7EEA226E07907004F3F93 /* Main.storyboard */ = {
			isa = PBXVariantGroup;
			children = (
				C9C7EEA326E07907004F3F93 /* Base */,
			);
			name = Main.storyboard;
			sourceTree = "<group>";
		};
		C9C7EEAA26E07908004F3F93 /* LaunchScreen.storyboard */ = {
			isa = PBXVariantGroup;
			children = (
				C9C7EEAB26E07908004F3F93 /* Base */,
			);
			name = LaunchScreen.storyboard;
			sourceTree = "<group>";
		};
/* End PBXVariantGroup section */

/* Begin XCBuildConfiguration section */
		C9C7EEAE26E07908004F3F93 /* Debug */ = {
			isa = XCBuildConfiguration;
			buildSettings = {
				ALWAYS_SEARCH_USER_PATHS = NO;
				CLANG_ANALYZER_NONNULL = YES;
				CLANG_ANALYZER_NUMBER_OBJECT_CONVERSION = YES_AGGRESSIVE;
				CLANG_CXX_LANGUAGE_STANDARD = "gnu++14";
				CLANG_CXX_LIBRARY = "libc++";
				CLANG_ENABLE_MODULES = YES;
				CLANG_ENABLE_OBJC_ARC = YES;
				CLANG_ENABLE_OBJC_WEAK = YES;
				CLANG_WARN_BLOCK_CAPTURE_AUTORELEASING = YES;
				CLANG_WARN_BOOL_CONVERSION = YES;
				CLANG_WARN_COMMA = YES;
				CLANG_WARN_CONSTANT_CONVERSION = YES;
				CLANG_WARN_DEPRECATED_OBJC_IMPLEMENTATIONS = YES;
				CLANG_WARN_DIRECT_OBJC_ISA_USAGE = YES_ERROR;
				CLANG_WARN_DOCUMENTATION_COMMENTS = YES;
				CLANG_WARN_EMPTY_BODY = YES;
				CLANG_WARN_ENUM_CONVERSION = YES;
				CLANG_WARN_INFINITE_RECURSION = YES;
				CLANG_WARN_INT_CONVERSION = YES;
				CLANG_WARN_NON_LITERAL_NULL_CONVERSION = YES;
				CLANG_WARN_OBJC_IMPLICIT_RETAIN_SELF = YES;
				CLANG_WARN_OBJC_LITERAL_CONVERSION = YES;
				CLANG_WARN_OBJC_ROOT_CLASS = YES_ERROR;
				CLANG_WARN_QUOTED_INCLUDE_IN_FRAMEWORK_HEADER = YES;
				CLANG_WARN_RANGE_LOOP_ANALYSIS = YES;
				CLANG_WARN_STRICT_PROTOTYPES = YES;
				CLANG_WARN_SUSPICIOUS_MOVE = YES;
				CLANG_WARN_UNGUARDED_AVAILABILITY = YES_AGGRESSIVE;
				CLANG_WARN_UNREACHABLE_CODE = YES;
				CLANG_WARN__DUPLICATE_METHOD_MATCH = YES;
				COPY_PHASE_STRIP = NO;
				DEBUG_INFORMATION_FORMAT = dwarf;
				ENABLE_STRICT_OBJC_MSGSEND = YES;
				ENABLE_TESTABILITY = YES;
				GCC_C_LANGUAGE_STANDARD = gnu11;
				GCC_DYNAMIC_NO_PIC = NO;
				GCC_NO_COMMON_BLOCKS = YES;
				GCC_OPTIMIZATION_LEVEL = 0;
				GCC_PREPROCESSOR_DEFINITIONS = (
					"DEBUG=1",
					"$(inherited)",
				);
				GCC_WARN_64_TO_32_BIT_CONVERSION = YES;
				GCC_WARN_ABOUT_RETURN_TYPE = YES_ERROR;
				GCC_WARN_UNDECLARED_SELECTOR = YES;
				GCC_WARN_UNINITIALIZED_AUTOS = YES_AGGRESSIVE;
				GCC_WARN_UNUSED_FUNCTION = YES;
				GCC_WARN_UNUSED_VARIABLE = YES;
				IPHONEOS_DEPLOYMENT_TARGET = 14.5;
				MTL_ENABLE_DEBUG_INFO = INCLUDE_SOURCE;
				MTL_FAST_MATH = YES;
				ONLY_ACTIVE_ARCH = YES;
				SDKROOT = iphoneos;
				SWIFT_ACTIVE_COMPILATION_CONDITIONS = DEBUG;
				SWIFT_OPTIMIZATION_LEVEL = "-Onone";
			};
			name = Debug;
		};
		C9C7EEAF26E07908004F3F93 /* Release */ = {
			isa = XCBuildConfiguration;
			buildSettings = {
				ALWAYS_SEARCH_USER_PATHS = NO;
				CLANG_ANALYZER_NONNULL = YES;
				CLANG_ANALYZER_NUMBER_OBJECT_CONVERSION = YES_AGGRESSIVE;
				CLANG_CXX_LANGUAGE_STANDARD = "gnu++14";
				CLANG_CXX_LIBRARY = "libc++";
				CLANG_ENABLE_MODULES = YES;
				CLANG_ENABLE_OBJC_ARC = YES;
				CLANG_ENABLE_OBJC_WEAK = YES;
				CLANG_WARN_BLOCK_CAPTURE_AUTORELEASING = YES;
				CLANG_WARN_BOOL_CONVERSION = YES;
				CLANG_WARN_COMMA = YES;
				CLANG_WARN_CONSTANT_CONVERSION = YES;
				CLANG_WARN_DEPRECATED_OBJC_IMPLEMENTATIONS = YES;
				CLANG_WARN_DIRECT_OBJC_ISA_USAGE = YES_ERROR;
				CLANG_WARN_DOCUMENTATION_COMMENTS = YES;
				CLANG_WARN_EMPTY_BODY = YES;
				CLANG_WARN_ENUM_CONVERSION = YES;
				CLANG_WARN_INFINITE_RECURSION = YES;
				CLANG_WARN_INT_CONVERSION = YES;
				CLANG_WARN_NON_LITERAL_NULL_CONVERSION = YES;
				CLANG_WARN_OBJC_IMPLICIT_RETAIN_SELF = YES;
				CLANG_WARN_OBJC_LITERAL_CONVERSION = YES;
				CLANG_WARN_OBJC_ROOT_CLASS = YES_ERROR;
				CLANG_WARN_QUOTED_INCLUDE_IN_FRAMEWORK_HEADER = YES;
				CLANG_WARN_RANGE_LOOP_ANALYSIS = YES;
				CLANG_WARN_STRICT_PROTOTYPES = YES;
				CLANG_WARN_SUSPICIOUS_MOVE = YES;
				CLANG_WARN_UNGUARDED_AVAILABILITY = YES_AGGRESSIVE;
				CLANG_WARN_UNREACHABLE_CODE = YES;
				CLANG_WARN__DUPLICATE_METHOD_MATCH = YES;
				COPY_PHASE_STRIP = NO;
				DEBUG_INFORMATION_FORMAT = "dwarf-with-dsym";
				ENABLE_NS_ASSERTIONS = NO;
				ENABLE_STRICT_OBJC_MSGSEND = YES;
				GCC_C_LANGUAGE_STANDARD = gnu11;
				GCC_NO_COMMON_BLOCKS = YES;
				GCC_WARN_64_TO_32_BIT_CONVERSION = YES;
				GCC_WARN_ABOUT_RETURN_TYPE = YES_ERROR;
				GCC_WARN_UNDECLARED_SELECTOR = YES;
				GCC_WARN_UNINITIALIZED_AUTOS = YES_AGGRESSIVE;
				GCC_WARN_UNUSED_FUNCTION = YES;
				GCC_WARN_UNUSED_VARIABLE = YES;
				IPHONEOS_DEPLOYMENT_TARGET = 14.5;
				MTL_ENABLE_DEBUG_INFO = NO;
				MTL_FAST_MATH = YES;
				SDKROOT = iphoneos;
				SWIFT_COMPILATION_MODE = wholemodule;
				SWIFT_OPTIMIZATION_LEVEL = "-O";
				VALIDATE_PRODUCT = YES;
			};
			name = Release;
		};
		C9C7EEB126E07908004F3F93 /* Debug */ = {
			isa = XCBuildConfiguration;
			buildSettings = {
				ASSETCATALOG_COMPILER_APPICON_NAME = AppIcon;
				ASSETCATALOG_COMPILER_GLOBAL_ACCENT_COLOR_NAME = AccentColor;
				CODE_SIGN_STYLE = Automatic;
				DEVELOPMENT_TEAM = KZ4YU874PU;
				INFOPLIST_FILE = DemoClockApp/Info.plist;
				LD_RUNPATH_SEARCH_PATHS = (
					"$(inherited)",
					"@executable_path/Frameworks",
				);
				PRODUCT_BUNDLE_IDENTIFIER = com.patty.DemoClockApp;
				PRODUCT_NAME = "$(TARGET_NAME)";
				SWIFT_VERSION = 5.0;
				TARGETED_DEVICE_FAMILY = "1,2";
			};
			name = Debug;
		};
		C9C7EEB226E07908004F3F93 /* Release */ = {
			isa = XCBuildConfiguration;
			buildSettings = {
				ASSETCATALOG_COMPILER_APPICON_NAME = AppIcon;
				ASSETCATALOG_COMPILER_GLOBAL_ACCENT_COLOR_NAME = AccentColor;
				CODE_SIGN_STYLE = Automatic;
				DEVELOPMENT_TEAM = KZ4YU874PU;
				INFOPLIST_FILE = DemoClockApp/Info.plist;
				LD_RUNPATH_SEARCH_PATHS = (
					"$(inherited)",
					"@executable_path/Frameworks",
				);
				PRODUCT_BUNDLE_IDENTIFIER = com.patty.DemoClockApp;
				PRODUCT_NAME = "$(TARGET_NAME)";
				SWIFT_VERSION = 5.0;
				TARGETED_DEVICE_FAMILY = "1,2";
			};
			name = Release;
		};
/* End XCBuildConfiguration section */

/* Begin XCConfigurationList section */
		C9C7EE9426E07907004F3F93 /* Build configuration list for PBXProject "DemoClockApp" */ = {
			isa = XCConfigurationList;
			buildConfigurations = (
				C9C7EEAE26E07908004F3F93 /* Debug */,
				C9C7EEAF26E07908004F3F93 /* Release */,
			);
			defaultConfigurationIsVisible = 0;
			defaultConfigurationName = Release;
		};
		C9C7EEB026E07908004F3F93 /* Build configuration list for PBXNativeTarget "DemoClockApp" */ = {
			isa = XCConfigurationList;
			buildConfigurations = (
				C9C7EEB126E07908004F3F93 /* Debug */,
				C9C7EEB226E07908004F3F93 /* Release */,
			);
			defaultConfigurationIsVisible = 0;
			defaultConfigurationName = Release;
		};
/* End XCConfigurationList section */

/* Begin XCVersionGroup section */
		C9C7EEA526E07907004F3F93 /* DemoClockApp.xcdatamodeld */ = {
			isa = XCVersionGroup;
			children = (
				C9C7EEA626E07907004F3F93 /* DemoClockApp.xcdatamodel */,
			);
			currentVersion = C9C7EEA626E07907004F3F93 /* DemoClockApp.xcdatamodel */;
			path = DemoClockApp.xcdatamodeld;
			sourceTree = "<group>";
			versionGroupType = wrapper.xcdatamodel;
		};
/* End XCVersionGroup section */
	};
	rootObject = C9C7EE9126E07907004F3F93 /* Project object */;
}
